// !$*UTF8*$!
{
	archiveVersion = 1;
	classes = {
	};
	objectVersion = 51;
	objects = {

/* Begin PBXBuildFile section */
		5D17904224CB1B2D002F8F29 /* AppDelegate.swift in Sources */ = {isa = PBXBuildFile; fileRef = 5D17904124CB1B2D002F8F29 /* AppDelegate.swift */; };
		5D17904424CB1B2D002F8F29 /* SceneDelegate.swift in Sources */ = {isa = PBXBuildFile; fileRef = 5D17904324CB1B2D002F8F29 /* SceneDelegate.swift */; };
		5D17904B24CB1B37002F8F29 /* Assets.xcassets in Resources */ = {isa = PBXBuildFile; fileRef = 5D17904A24CB1B37002F8F29 /* Assets.xcassets */; };
		5D17906924CB1F43002F8F29 /* Constants.swift in Sources */ = {isa = PBXBuildFile; fileRef = 5D17906724CB1F43002F8F29 /* Constants.swift */; };
		5D17906A24CB1F43002F8F29 /* Utilities.swift in Sources */ = {isa = PBXBuildFile; fileRef = 5D17906824CB1F43002F8F29 /* Utilities.swift */; };
		5D17907024CB1F55002F8F29 /* SignUpViewController.swift in Sources */ = {isa = PBXBuildFile; fileRef = 5D17906C24CB1F55002F8F29 /* SignUpViewController.swift */; };
		5D17907124CB1F55002F8F29 /* ViewController.swift in Sources */ = {isa = PBXBuildFile; fileRef = 5D17906D24CB1F55002F8F29 /* ViewController.swift */; };
		5D17907324CB1F55002F8F29 /* LoginViewController.swift in Sources */ = {isa = PBXBuildFile; fileRef = 5D17906F24CB1F55002F8F29 /* LoginViewController.swift */; };
		5D17907624CB1F61002F8F29 /* LaunchScreen.storyboard in Resources */ = {isa = PBXBuildFile; fileRef = 5D17907424CB1F60002F8F29 /* LaunchScreen.storyboard */; };
		5D17907724CB1F61002F8F29 /* Main.storyboard in Resources */ = {isa = PBXBuildFile; fileRef = 5D17907524CB1F60002F8F29 /* Main.storyboard */; };
		5D17907C24CB2021002F8F29 /* GoogleService-Info.plist in Resources */ = {isa = PBXBuildFile; fileRef = 5D17907B24CB2021002F8F29 /* GoogleService-Info.plist */; };
		5DC5B26524CC497100A213ED /* CollectionViewCell.swift in Sources */ = {isa = PBXBuildFile; fileRef = 5DC5B26324CC497100A213ED /* CollectionViewCell.swift */; };
		5DC5B26624CC497100A213ED /* CollectionViewCell.xib in Resources */ = {isa = PBXBuildFile; fileRef = 5DC5B26424CC497100A213ED /* CollectionViewCell.xib */; };
		5DC5B26824CC4C8B00A213ED /* Tab1ViewController.swift in Sources */ = {isa = PBXBuildFile; fileRef = 5DC5B26724CC4C8B00A213ED /* Tab1ViewController.swift */; };
		5DC87F0524CB6DB600B40D34 /* TabBarViewController.swift in Sources */ = {isa = PBXBuildFile; fileRef = 5DC87F0424CB6DB600B40D34 /* TabBarViewController.swift */; };
		5DE5E4B924CC288900F29AAD /* tab1.storyboard in Resources */ = {isa = PBXBuildFile; fileRef = 5DE5E4B824CC288900F29AAD /* tab1.storyboard */; };
		5DE5E4BB24CC289900F29AAD /* tab2.storyboard in Resources */ = {isa = PBXBuildFile; fileRef = 5DE5E4BA24CC289900F29AAD /* tab2.storyboard */; };
		5DE857E924CD9FF50086ADBB /* Item.swift in Sources */ = {isa = PBXBuildFile; fileRef = 5DE857E824CD9FF50086ADBB /* Item.swift */; };
		92728128621DD00F6C3A05EC /* Pods_ItemTrade.framework in Frameworks */ = {isa = PBXBuildFile; fileRef = 71FA94EA34D255F185C8C14F /* Pods_ItemTrade.framework */; };
/* End PBXBuildFile section */

/* Begin PBXFileReference section */
		32399D5D70D0FECBEB47CD70 /* Pods-ItemTrade.debug.xcconfig */ = {isa = PBXFileReference; includeInIndex = 1; lastKnownFileType = text.xcconfig; name = "Pods-ItemTrade.debug.xcconfig"; path = "Target Support Files/Pods-ItemTrade/Pods-ItemTrade.debug.xcconfig"; sourceTree = "<group>"; };
		5D17903E24CB1B2D002F8F29 /* ItemTrade.app */ = {isa = PBXFileReference; explicitFileType = wrapper.application; includeInIndex = 0; path = ItemTrade.app; sourceTree = BUILT_PRODUCTS_DIR; };
		5D17904124CB1B2D002F8F29 /* AppDelegate.swift */ = {isa = PBXFileReference; lastKnownFileType = sourcecode.swift; path = AppDelegate.swift; sourceTree = "<group>"; };
		5D17904324CB1B2D002F8F29 /* SceneDelegate.swift */ = {isa = PBXFileReference; lastKnownFileType = sourcecode.swift; path = SceneDelegate.swift; sourceTree = "<group>"; };
		5D17904A24CB1B37002F8F29 /* Assets.xcassets */ = {isa = PBXFileReference; lastKnownFileType = folder.assetcatalog; path = Assets.xcassets; sourceTree = "<group>"; };
		5D17904F24CB1B37002F8F29 /* Info.plist */ = {isa = PBXFileReference; lastKnownFileType = text.plist.xml; path = Info.plist; sourceTree = "<group>"; };
		5D17906724CB1F43002F8F29 /* Constants.swift */ = {isa = PBXFileReference; fileEncoding = 4; lastKnownFileType = sourcecode.swift; path = Constants.swift; sourceTree = "<group>"; };
		5D17906824CB1F43002F8F29 /* Utilities.swift */ = {isa = PBXFileReference; fileEncoding = 4; lastKnownFileType = sourcecode.swift; path = Utilities.swift; sourceTree = "<group>"; };
		5D17906C24CB1F55002F8F29 /* SignUpViewController.swift */ = {isa = PBXFileReference; fileEncoding = 4; lastKnownFileType = sourcecode.swift; path = SignUpViewController.swift; sourceTree = "<group>"; };
		5D17906D24CB1F55002F8F29 /* ViewController.swift */ = {isa = PBXFileReference; fileEncoding = 4; lastKnownFileType = sourcecode.swift; path = ViewController.swift; sourceTree = "<group>"; };
		5D17906F24CB1F55002F8F29 /* LoginViewController.swift */ = {isa = PBXFileReference; fileEncoding = 4; lastKnownFileType = sourcecode.swift; path = LoginViewController.swift; sourceTree = "<group>"; };
		5D17907424CB1F60002F8F29 /* LaunchScreen.storyboard */ = {isa = PBXFileReference; fileEncoding = 4; lastKnownFileType = file.storyboard; path = LaunchScreen.storyboard; sourceTree = "<group>"; };
		5D17907524CB1F60002F8F29 /* Main.storyboard */ = {isa = PBXFileReference; fileEncoding = 4; lastKnownFileType = file.storyboard; path = Main.storyboard; sourceTree = "<group>"; };
		5D17907B24CB2021002F8F29 /* GoogleService-Info.plist */ = {isa = PBXFileReference; fileEncoding = 4; lastKnownFileType = text.plist.xml; path = "GoogleService-Info.plist"; sourceTree = "<group>"; };
		5DC5B26324CC497100A213ED /* CollectionViewCell.swift */ = {isa = PBXFileReference; lastKnownFileType = sourcecode.swift; path = CollectionViewCell.swift; sourceTree = "<group>"; };
		5DC5B26424CC497100A213ED /* CollectionViewCell.xib */ = {isa = PBXFileReference; lastKnownFileType = file.xib; path = CollectionViewCell.xib; sourceTree = "<group>"; };
		5DC5B26724CC4C8B00A213ED /* Tab1ViewController.swift */ = {isa = PBXFileReference; lastKnownFileType = sourcecode.swift; path = Tab1ViewController.swift; sourceTree = "<group>"; };
		5DC87F0424CB6DB600B40D34 /* TabBarViewController.swift */ = {isa = PBXFileReference; lastKnownFileType = sourcecode.swift; path = TabBarViewController.swift; sourceTree = "<group>"; };
		5DE5E4B824CC288900F29AAD /* tab1.storyboard */ = {isa = PBXFileReference; fileEncoding = 4; lastKnownFileType = file.storyboard; path = tab1.storyboard; sourceTree = "<group>"; };
		5DE5E4BA24CC289900F29AAD /* tab2.storyboard */ = {isa = PBXFileReference; fileEncoding = 4; lastKnownFileType = file.storyboard; path = tab2.storyboard; sourceTree = "<group>"; };
		5DE857E824CD9FF50086ADBB /* Item.swift */ = {isa = PBXFileReference; lastKnownFileType = sourcecode.swift; path = Item.swift; sourceTree = "<group>"; };
		71FA94EA34D255F185C8C14F /* Pods_ItemTrade.framework */ = {isa = PBXFileReference; explicitFileType = wrapper.framework; includeInIndex = 0; path = Pods_ItemTrade.framework; sourceTree = BUILT_PRODUCTS_DIR; };
		9BFF33EEC60761120B08A459 /* Pods-ItemTrade.release.xcconfig */ = {isa = PBXFileReference; includeInIndex = 1; lastKnownFileType = text.xcconfig; name = "Pods-ItemTrade.release.xcconfig"; path = "Target Support Files/Pods-ItemTrade/Pods-ItemTrade.release.xcconfig"; sourceTree = "<group>"; };
/* End PBXFileReference section */

/* Begin PBXFrameworksBuildPhase section */
		5D17903B24CB1B2D002F8F29 /* Frameworks */ = {
			isa = PBXFrameworksBuildPhase;
			buildActionMask = 2147483647;
			files = (
				92728128621DD00F6C3A05EC /* Pods_ItemTrade.framework in Frameworks */,
			);
			runOnlyForDeploymentPostprocessing = 0;
		};
/* End PBXFrameworksBuildPhase section */

/* Begin PBXGroup section */
		5C57B1443C0EC7BB37E24B55 /* Pods */ = {
			isa = PBXGroup;
			children = (
				32399D5D70D0FECBEB47CD70 /* Pods-ItemTrade.debug.xcconfig */,
				9BFF33EEC60761120B08A459 /* Pods-ItemTrade.release.xcconfig */,
			);
			path = Pods;
			sourceTree = "<group>";
		};
		5D17903524CB1B2D002F8F29 = {
			isa = PBXGroup;
			children = (
				5D17904024CB1B2D002F8F29 /* ItemTrade */,
				5D17903F24CB1B2D002F8F29 /* Products */,
				5C57B1443C0EC7BB37E24B55 /* Pods */,
				8BEEC8B47181176BEADB1876 /* Frameworks */,
			);
			sourceTree = "<group>";
		};
		5D17903F24CB1B2D002F8F29 /* Products */ = {
			isa = PBXGroup;
			children = (
				5D17903E24CB1B2D002F8F29 /* ItemTrade.app */,
			);
			name = Products;
			sourceTree = "<group>";
		};
		5D17904024CB1B2D002F8F29 /* ItemTrade */ = {
			isa = PBXGroup;
			children = (
				5D17904124CB1B2D002F8F29 /* AppDelegate.swift */,
				5D17904324CB1B2D002F8F29 /* SceneDelegate.swift */,
				5D17906B24CB1F55002F8F29 /* View Controllers */,
				5D17906624CB1F43002F8F29 /* Helpers */,
				5D17904A24CB1B37002F8F29 /* Assets.xcassets */,
				5DE5E4BC24CC2DBC00F29AAD /* storyboards */,
				5D17907B24CB2021002F8F29 /* GoogleService-Info.plist */,
				5D17904F24CB1B37002F8F29 /* Info.plist */,
			);
			path = ItemTrade;
			sourceTree = "<group>";
		};
		5D17906624CB1F43002F8F29 /* Helpers */ = {
			isa = PBXGroup;
			children = (
				5D17906724CB1F43002F8F29 /* Constants.swift */,
				5D17906824CB1F43002F8F29 /* Utilities.swift */,
			);
			path = Helpers;
			sourceTree = "<group>";
		};
		5D17906B24CB1F55002F8F29 /* View Controllers */ = {
			isa = PBXGroup;
			children = (
				5D17906C24CB1F55002F8F29 /* SignUpViewController.swift */,
				5D17906D24CB1F55002F8F29 /* ViewController.swift */,
				5D17906F24CB1F55002F8F29 /* LoginViewController.swift */,
				5DC87F0424CB6DB600B40D34 /* TabBarViewController.swift */,
				5DC5B26324CC497100A213ED /* CollectionViewCell.swift */,
				5DC5B26724CC4C8B00A213ED /* Tab1ViewController.swift */,
				5DE857E824CD9FF50086ADBB /* Item.swift */,
			);
			path = "View Controllers";
			sourceTree = "<group>";
		};
		5DE5E4BC24CC2DBC00F29AAD /* storyboards */ = {
			isa = PBXGroup;
			children = (
				5DC5B26424CC497100A213ED /* CollectionViewCell.xib */,
				5D17907424CB1F60002F8F29 /* LaunchScreen.storyboard */,
				5D17907524CB1F60002F8F29 /* Main.storyboard */,
				5DE5E4BA24CC289900F29AAD /* tab2.storyboard */,
				5DE5E4B824CC288900F29AAD /* tab1.storyboard */,
			);
			path = storyboards;
			sourceTree = "<group>";
		};
		8BEEC8B47181176BEADB1876 /* Frameworks */ = {
			isa = PBXGroup;
			children = (
				71FA94EA34D255F185C8C14F /* Pods_ItemTrade.framework */,
			);
			name = Frameworks;
			sourceTree = "<group>";
		};
/* End PBXGroup section */

/* Begin PBXNativeTarget section */
		5D17903D24CB1B2D002F8F29 /* ItemTrade */ = {
			isa = PBXNativeTarget;
			buildConfigurationList = 5D17905224CB1B37002F8F29 /* Build configuration list for PBXNativeTarget "ItemTrade" */;
			buildPhases = (
				94184450324EF33FCC4BB2B1 /* [CP] Check Pods Manifest.lock */,
				5D17903A24CB1B2D002F8F29 /* Sources */,
				5D17903B24CB1B2D002F8F29 /* Frameworks */,
				5D17903C24CB1B2D002F8F29 /* Resources */,
				5EC16D337E7C3B64916AABC5 /* [CP] Embed Pods Frameworks */,
			);
			buildRules = (
			);
			dependencies = (
			);
			name = ItemTrade;
			productName = ItemTrade;
			productReference = 5D17903E24CB1B2D002F8F29 /* ItemTrade.app */;
			productType = "com.apple.product-type.application";
		};
/* End PBXNativeTarget section */

/* Begin PBXProject section */
		5D17903624CB1B2D002F8F29 /* Project object */ = {
			isa = PBXProject;
			attributes = {
				LastSwiftUpdateCheck = 1160;
				LastUpgradeCheck = 1160;
				ORGANIZATIONNAME = "Alp Eren";
				TargetAttributes = {
					5D17903D24CB1B2D002F8F29 = {
						CreatedOnToolsVersion = 11.6;
					};
				};
			};
			buildConfigurationList = 5D17903924CB1B2D002F8F29 /* Build configuration list for PBXProject "ItemTrade" */;
			compatibilityVersion = "Xcode 9.3";
			developmentRegion = en;
			hasScannedForEncodings = 0;
			knownRegions = (
				en,
				Base,
			);
			mainGroup = 5D17903524CB1B2D002F8F29;
			productRefGroup = 5D17903F24CB1B2D002F8F29 /* Products */;
			projectDirPath = "";
			projectRoot = "";
			targets = (
				5D17903D24CB1B2D002F8F29 /* ItemTrade */,
			);
		};
/* End PBXProject section */

/* Begin PBXResourcesBuildPhase section */
		5D17903C24CB1B2D002F8F29 /* Resources */ = {
			isa = PBXResourcesBuildPhase;
			buildActionMask = 2147483647;
			files = (
				5D17907624CB1F61002F8F29 /* LaunchScreen.storyboard in Resources */,
				5DC5B26624CC497100A213ED /* CollectionViewCell.xib in Resources */,
				5D17904B24CB1B37002F8F29 /* Assets.xcassets in Resources */,
				5D17907724CB1F61002F8F29 /* Main.storyboard in Resources */,
				5D17907C24CB2021002F8F29 /* GoogleService-Info.plist in Resources */,
				5DE5E4B924CC288900F29AAD /* tab1.storyboard in Resources */,
				5DE5E4BB24CC289900F29AAD /* tab2.storyboard in Resources */,
			);
			runOnlyForDeploymentPostprocessing = 0;
		};
/* End PBXResourcesBuildPhase section */

/* Begin PBXShellScriptBuildPhase section */
		5EC16D337E7C3B64916AABC5 /* [CP] Embed Pods Frameworks */ = {
			isa = PBXShellScriptBuildPhase;
			buildActionMask = 2147483647;
			files = (
			);
			inputFileListPaths = (
				"${PODS_ROOT}/Target Support Files/Pods-ItemTrade/Pods-ItemTrade-frameworks-${CONFIGURATION}-input-files.xcfilelist",
			);
			name = "[CP] Embed Pods Frameworks";
			outputFileListPaths = (
				"${PODS_ROOT}/Target Support Files/Pods-ItemTrade/Pods-ItemTrade-frameworks-${CONFIGURATION}-output-files.xcfilelist",
			);
			runOnlyForDeploymentPostprocessing = 0;
			shellPath = /bin/sh;
			shellScript = "\"${PODS_ROOT}/Target Support Files/Pods-ItemTrade/Pods-ItemTrade-frameworks.sh\"\n";
			showEnvVarsInLog = 0;
		};
		94184450324EF33FCC4BB2B1 /* [CP] Check Pods Manifest.lock */ = {
			isa = PBXShellScriptBuildPhase;
			buildActionMask = 2147483647;
			files = (
			);
			inputFileListPaths = (
			);
			inputPaths = (
				"${PODS_PODFILE_DIR_PATH}/Podfile.lock",
				"${PODS_ROOT}/Manifest.lock",
			);
			name = "[CP] Check Pods Manifest.lock";
			outputFileListPaths = (
			);
			outputPaths = (
				"$(DERIVED_FILE_DIR)/Pods-ItemTrade-checkManifestLockResult.txt",
			);
			runOnlyForDeploymentPostprocessing = 0;
			shellPath = /bin/sh;
			shellScript = "diff \"${PODS_PODFILE_DIR_PATH}/Podfile.lock\" \"${PODS_ROOT}/Manifest.lock\" > /dev/null\nif [ $? != 0 ] ; then\n    # print error to STDERR\n    echo \"error: The sandbox is not in sync with the Podfile.lock. Run 'pod install' or update your CocoaPods installation.\" >&2\n    exit 1\nfi\n# This output is used by Xcode 'outputs' to avoid re-running this script phase.\necho \"SUCCESS\" > \"${SCRIPT_OUTPUT_FILE_0}\"\n";
			showEnvVarsInLog = 0;
		};
/* End PBXShellScriptBuildPhase section */

/* Begin PBXSourcesBuildPhase section */
		5D17903A24CB1B2D002F8F29 /* Sources */ = {
			isa = PBXSourcesBuildPhase;
			buildActionMask = 2147483647;
			files = (
				5DC5B26524CC497100A213ED /* CollectionViewCell.swift in Sources */,
				5D17907124CB1F55002F8F29 /* ViewController.swift in Sources */,
				5D17904224CB1B2D002F8F29 /* AppDelegate.swift in Sources */,
				5D17904424CB1B2D002F8F29 /* SceneDelegate.swift in Sources */,
				5D17906A24CB1F43002F8F29 /* Utilities.swift in Sources */,
				5D17907324CB1F55002F8F29 /* LoginViewController.swift in Sources */,
				5DE857E924CD9FF50086ADBB /* Item.swift in Sources */,
				5D17906924CB1F43002F8F29 /* Constants.swift in Sources */,
				5DC87F0524CB6DB600B40D34 /* TabBarViewController.swift in Sources */,
				5DC5B26824CC4C8B00A213ED /* Tab1ViewController.swift in Sources */,
				5D17907024CB1F55002F8F29 /* SignUpViewController.swift in Sources */,
			);
			runOnlyForDeploymentPostprocessing = 0;
		};
/* End PBXSourcesBuildPhase section */

/* Begin XCBuildConfiguration section */
		5D17905024CB1B37002F8F29 /* Debug */ = {
			isa = XCBuildConfiguration;
			buildSettings = {
				ALWAYS_SEARCH_USER_PATHS = NO;
				CLANG_ANALYZER_NONNULL = YES;
				CLANG_ANALYZER_NUMBER_OBJECT_CONVERSION = YES_AGGRESSIVE;
				CLANG_CXX_LANGUAGE_STANDARD = "gnu++14";
				CLANG_CXX_LIBRARY = "libc++";
				CLANG_ENABLE_MODULES = YES;
				CLANG_ENABLE_OBJC_ARC = YES;
				CLANG_ENABLE_OBJC_WEAK = YES;
				CLANG_WARN_BLOCK_CAPTURE_AUTORELEASING = YES;
				CLANG_WARN_BOOL_CONVERSION = YES;
				CLANG_WARN_COMMA = YES;
				CLANG_WARN_CONSTANT_CONVERSION = YES;
				CLANG_WARN_DEPRECATED_OBJC_IMPLEMENTATIONS = YES;
				CLANG_WARN_DIRECT_OBJC_ISA_USAGE = YES_ERROR;
				CLANG_WARN_DOCUMENTATION_COMMENTS = YES;
				CLANG_WARN_EMPTY_BODY = YES;
				CLANG_WARN_ENUM_CONVERSION = YES;
				CLANG_WARN_INFINITE_RECURSION = YES;
				CLANG_WARN_INT_CONVERSION = YES;
				CLANG_WARN_NON_LITERAL_NULL_CONVERSION = YES;
				CLANG_WARN_OBJC_IMPLICIT_RETAIN_SELF = YES;
				CLANG_WARN_OBJC_LITERAL_CONVERSION = YES;
				CLANG_WARN_OBJC_ROOT_CLASS = YES_ERROR;
				CLANG_WARN_RANGE_LOOP_ANALYSIS = YES;
				CLANG_WARN_STRICT_PROTOTYPES = YES;
				CLANG_WARN_SUSPICIOUS_MOVE = YES;
				CLANG_WARN_UNGUARDED_AVAILABILITY = YES_AGGRESSIVE;
				CLANG_WARN_UNREACHABLE_CODE = YES;
				CLANG_WARN__DUPLICATE_METHOD_MATCH = YES;
				COPY_PHASE_STRIP = NO;
				DEBUG_INFORMATION_FORMAT = dwarf;
				ENABLE_STRICT_OBJC_MSGSEND = YES;
				ENABLE_TESTABILITY = YES;
				GCC_C_LANGUAGE_STANDARD = gnu11;
				GCC_DYNAMIC_NO_PIC = NO;
				GCC_NO_COMMON_BLOCKS = YES;
				GCC_OPTIMIZATION_LEVEL = 0;
				GCC_PREPROCESSOR_DEFINITIONS = (
					"DEBUG=1",
					"$(inherited)",
				);
				GCC_WARN_64_TO_32_BIT_CONVERSION = YES;
				GCC_WARN_ABOUT_RETURN_TYPE = YES_ERROR;
				GCC_WARN_UNDECLARED_SELECTOR = YES;
				GCC_WARN_UNINITIALIZED_AUTOS = YES_AGGRESSIVE;
				GCC_WARN_UNUSED_FUNCTION = YES;
				GCC_WARN_UNUSED_VARIABLE = YES;
				IPHONEOS_DEPLOYMENT_TARGET = 13.6;
				MTL_ENABLE_DEBUG_INFO = INCLUDE_SOURCE;
				MTL_FAST_MATH = YES;
				ONLY_ACTIVE_ARCH = YES;
				SDKROOT = iphoneos;
				SWIFT_ACTIVE_COMPILATION_CONDITIONS = DEBUG;
				SWIFT_OPTIMIZATION_LEVEL = "-Onone";
			};
			name = Debug;
		};
		5D17905124CB1B37002F8F29 /* Release */ = {
			isa = XCBuildConfiguration;
			buildSettings = {
				ALWAYS_SEARCH_USER_PATHS = NO;
				CLANG_ANALYZER_NONNULL = YES;
				CLANG_ANALYZER_NUMBER_OBJECT_CONVERSION = YES_AGGRESSIVE;
				CLANG_CXX_LANGUAGE_STANDARD = "gnu++14";
				CLANG_CXX_LIBRARY = "libc++";
				CLANG_ENABLE_MODULES = YES;
				CLANG_ENABLE_OBJC_ARC = YES;
				CLANG_ENABLE_OBJC_WEAK = YES;
				CLANG_WARN_BLOCK_CAPTURE_AUTORELEASING = YES;
				CLANG_WARN_BOOL_CONVERSION = YES;
				CLANG_WARN_COMMA = YES;
				CLANG_WARN_CONSTANT_CONVERSION = YES;
				CLANG_WARN_DEPRECATED_OBJC_IMPLEMENTATIONS = YES;
				CLANG_WARN_DIRECT_OBJC_ISA_USAGE = YES_ERROR;
				CLANG_WARN_DOCUMENTATION_COMMENTS = YES;
				CLANG_WARN_EMPTY_BODY = YES;
				CLANG_WARN_ENUM_CONVERSION = YES;
				CLANG_WARN_INFINITE_RECURSION = YES;
				CLANG_WARN_INT_CONVERSION = YES;
				CLANG_WARN_NON_LITERAL_NULL_CONVERSION = YES;
				CLANG_WARN_OBJC_IMPLICIT_RETAIN_SELF = YES;
				CLANG_WARN_OBJC_LITERAL_CONVERSION = YES;
				CLANG_WARN_OBJC_ROOT_CLASS = YES_ERROR;
				CLANG_WARN_RANGE_LOOP_ANALYSIS = YES;
				CLANG_WARN_STRICT_PROTOTYPES = YES;
				CLANG_WARN_SUSPICIOUS_MOVE = YES;
				CLANG_WARN_UNGUARDED_AVAILABILITY = YES_AGGRESSIVE;
				CLANG_WARN_UNREACHABLE_CODE = YES;
				CLANG_WARN__DUPLICATE_METHOD_MATCH = YES;
				COPY_PHASE_STRIP = NO;
				DEBUG_INFORMATION_FORMAT = "dwarf-with-dsym";
				ENABLE_NS_ASSERTIONS = NO;
				ENABLE_STRICT_OBJC_MSGSEND = YES;
				GCC_C_LANGUAGE_STANDARD = gnu11;
				GCC_NO_COMMON_BLOCKS = YES;
				GCC_WARN_64_TO_32_BIT_CONVERSION = YES;
				GCC_WARN_ABOUT_RETURN_TYPE = YES_ERROR;
				GCC_WARN_UNDECLARED_SELECTOR = YES;
				GCC_WARN_UNINITIALIZED_AUTOS = YES_AGGRESSIVE;
				GCC_WARN_UNUSED_FUNCTION = YES;
				GCC_WARN_UNUSED_VARIABLE = YES;
				IPHONEOS_DEPLOYMENT_TARGET = 13.6;
				MTL_ENABLE_DEBUG_INFO = NO;
				MTL_FAST_MATH = YES;
				SDKROOT = iphoneos;
				SWIFT_COMPILATION_MODE = wholemodule;
				SWIFT_OPTIMIZATION_LEVEL = "-O";
				VALIDATE_PRODUCT = YES;
			};
			name = Release;
		};
		5D17905324CB1B37002F8F29 /* Debug */ = {
			isa = XCBuildConfiguration;
			baseConfigurationReference = 32399D5D70D0FECBEB47CD70 /* Pods-ItemTrade.debug.xcconfig */;
			buildSettings = {
				ASSETCATALOG_COMPILER_APPICON_NAME = AppIcon;
				CODE_SIGN_STYLE = Automatic;
				INFOPLIST_FILE = ItemTrade/Info.plist;
				LD_RUNPATH_SEARCH_PATHS = (
					"$(inherited)",
					"@executable_path/Frameworks",
				);
				PRODUCT_BUNDLE_IDENTIFIER = com.ismetalp.ItemTrade;
				PRODUCT_NAME = "$(TARGET_NAME)";
				SWIFT_VERSION = 5.0;
				TARGETED_DEVICE_FAMILY = "1,2";
			};
			name = Debug;
		};
		5D17905424CB1B37002F8F29 /* Release */ = {
			isa = XCBuildConfiguration;
			baseConfigurationReference = 9BFF33EEC60761120B08A459 /* Pods-ItemTrade.release.xcconfig */;
			buildSettings = {
				ASSETCATALOG_COMPILER_APPICON_NAME = AppIcon;
				CODE_SIGN_STYLE = Automatic;
				INFOPLIST_FILE = ItemTrade/Info.plist;
				LD_RUNPATH_SEARCH_PATHS = (
					"$(inherited)",
					"@executable_path/Frameworks",
				);
				PRODUCT_BUNDLE_IDENTIFIER = com.ismetalp.ItemTrade;
				PRODUCT_NAME = "$(TARGET_NAME)";
				SWIFT_VERSION = 5.0;
				TARGETED_DEVICE_FAMILY = "1,2";
			};
			name = Release;
		};
/* End XCBuildConfiguration section */

/* Begin XCConfigurationList section */
		5D17903924CB1B2D002F8F29 /* Build configuration list for PBXProject "ItemTrade" */ = {
			isa = XCConfigurationList;
			buildConfigurations = (
				5D17905024CB1B37002F8F29 /* Debug */,
				5D17905124CB1B37002F8F29 /* Release */,
			);
			defaultConfigurationIsVisible = 0;
			defaultConfigurationName = Release;
		};
		5D17905224CB1B37002F8F29 /* Build configuration list for PBXNativeTarget "ItemTrade" */ = {
			isa = XCConfigurationList;
			buildConfigurations = (
				5D17905324CB1B37002F8F29 /* Debug */,
				5D17905424CB1B37002F8F29 /* Release */,
			);
			defaultConfigurationIsVisible = 0;
			defaultConfigurationName = Release;
		};
/* End XCConfigurationList section */
	};
	rootObject = 5D17903624CB1B2D002F8F29 /* Project object */;
}
